{
  "projects": [
    {
      "projectId": "ajBd7QwKoQEZw4eSnuM8eE",
      "version": "latest",
      "dependencies": {},
      "lang": "ts",
      "fileLocks": [
        {
          "type": "globalVariant",
          "assetId": "7Ert-5G3sU4L",
          "checksum": "87f36505376fb388244d87a0c6ef887c"
        },
        {
          "type": "renderModule",
          "assetId": "NmyuQEKN8ASo",
          "checksum": "06d8510a72c87823be2eff4ade45fe24"
        },
        {
          "type": "cssRules",
          "assetId": "NmyuQEKN8ASo",
          "checksum": "06d8510a72c87823be2eff4ade45fe24"
        },
        {
          "type": "renderModule",
          "assetId": "uB6KPgzvRT",
          "checksum": "59171b1f005f70012e493f8f2cced0da"
        },
        {
          "type": "cssRules",
          "assetId": "uB6KPgzvRT",
          "checksum": "59171b1f005f70012e493f8f2cced0da"
        },
        {
          "type": "renderModule",
          "assetId": "rdjPX22n6c",
          "checksum": "a412f6745bc2fa1f316fbaafd5a67127"
        },
        {
          "type": "cssRules",
          "assetId": "rdjPX22n6c",
          "checksum": "a412f6745bc2fa1f316fbaafd5a67127"
        },
        {
          "type": "renderModule",
          "assetId": "DzWC2yemzg",
          "checksum": "d7302773de6120063c3d61e65137cdee"
        },
        {
          "type": "cssRules",
          "assetId": "DzWC2yemzg",
          "checksum": "d7302773de6120063c3d61e65137cdee"
        },
        {
          "type": "renderModule",
          "assetId": "UEBh2ZCTKG",
          "checksum": "06dddf19a12ed28f06fcd34c341de50a"
        },
        {
          "type": "cssRules",
          "assetId": "UEBh2ZCTKG",
          "checksum": "06dddf19a12ed28f06fcd34c341de50a"
        },
        {
          "type": "renderModule",
          "assetId": "0MEk3eKkQO",
          "checksum": "554197769ccf85d1e4b72bb17936bc74"
        },
        {
          "type": "cssRules",
          "assetId": "0MEk3eKkQO",
          "checksum": "554197769ccf85d1e4b72bb17936bc74"
        },
        {
          "type": "renderModule",
          "assetId": "V29gw2H4lR",
          "checksum": "0c56c64f027e1ac235f1fd9406f102f3"
        },
        {
          "type": "cssRules",
          "assetId": "V29gw2H4lR",
          "checksum": "0c56c64f027e1ac235f1fd9406f102f3"
        },
        {
          "type": "renderModule",
          "assetId": "XMg4kg4uAM",
          "checksum": "a02ef2f73d00c95826ff44f8bea4893f"
        },
        {
          "type": "cssRules",
          "assetId": "XMg4kg4uAM",
          "checksum": "a02ef2f73d00c95826ff44f8bea4893f"
        },
        {
          "type": "renderModule",
          "assetId": "EkB8C0-Ntx",
          "checksum": "35527a9c85bc96f0d0a6c6132367ff86"
        },
        {
          "type": "cssRules",
          "assetId": "EkB8C0-Ntx",
          "checksum": "35527a9c85bc96f0d0a6c6132367ff86"
        },
        {
          "type": "renderModule",
          "assetId": "8jlGT04fGY",
          "checksum": "5be892d66c2f5a241fd2804816c2e45f"
        },
        {
          "type": "cssRules",
          "assetId": "8jlGT04fGY",
          "checksum": "5be892d66c2f5a241fd2804816c2e45f"
        },
        {
          "type": "renderModule",
          "assetId": "phpFMNl3Ac",
          "checksum": "7f3ea4dd9c1a8dfc67e9c337147abd0f"
        },
        {
          "type": "cssRules",
          "assetId": "phpFMNl3Ac",
          "checksum": "7f3ea4dd9c1a8dfc67e9c337147abd0f"
        },
        {
          "type": "renderModule",
          "assetId": "GbxbaH1_Ix",
          "checksum": "fccb3e6982c08b3ae040b5c9643978d0"
        },
        {
          "type": "cssRules",
          "assetId": "GbxbaH1_Ix",
          "checksum": "fccb3e6982c08b3ae040b5c9643978d0"
        },
        {
          "type": "image",
          "assetId": "WraMrTg7l",
          "checksum": "dec8438631c0f3b0846e658442ed4bb4"
        },
        {
          "type": "image",
          "assetId": "bVk-2oJzM",
          "checksum": "3e2146dcf3ccbe58ca0f69a19d2aa947"
        },
        {
          "type": "image",
          "assetId": "egy6AVJ3_",
          "checksum": "416e5c5ce12ebca0af9bfe0881637969"
        },
        {
          "assetId": "ajBd7QwKoQEZw4eSnuM8eE",
          "type": "projectCss",
          "checksum": "0e58eb6ba66f7a1cba0dd79749eef8e8"
        },
        {
          "type": "renderModule",
          "assetId": "SZVtHIOnzF",
          "checksum": "f42f2eecb03ec95663de20f00880e9e9"
        },
        {
          "type": "cssRules",
          "assetId": "SZVtHIOnzF",
          "checksum": "f42f2eecb03ec95663de20f00880e9e9"
        },
        {
          "type": "icon",
          "assetId": "cLvmR5WL_E",
          "checksum": "303c72be799fdefd742e6544db378698"
        },
        {
          "type": "icon",
          "assetId": "-hYKTQDUi-",
          "checksum": "99a19e963571ef14cbf1e0b738bb1895"
        },
        {
          "type": "icon",
          "assetId": "SKEqvyu_NL",
          "checksum": "fb22da8f3077864e1a48c8a674b25108"
        },
        {
          "type": "icon",
          "assetId": "MRX__q9AVG",
          "checksum": "74c8697cf63932c55613e9feb35fbcb3"
        },
        {
          "type": "icon",
          "assetId": "DVc11YrLFH",
          "checksum": "657e9ec7779dcb5318879cf557ec5c8b"
        },
        {
          "type": "icon",
          "assetId": "FePj_Q3I0I",
          "checksum": "b873ff38a06fee860fc7fbd39c203c90"
        },
        {
          "type": "icon",
          "assetId": "KVxmohl6M2",
          "checksum": "93e38110368d8f584d8cbeaf8d0fb9f8"
        },
        {
          "type": "icon",
          "assetId": "BhBmWA559J",
          "checksum": "be3c295b09f63df0e7f8cf67c405276b"
        },
        {
          "type": "icon",
          "assetId": "WzK2HmrWNy",
          "checksum": "effa587b7ad6dfa3de4f119da5b7adef"
        },
        {
          "type": "icon",
          "assetId": "DIriwib_NR",
          "checksum": "0bf399f40d34560688b01f3564c5888b"
        },
        {
          "type": "icon",
          "assetId": "miGgoM8FTD",
          "checksum": "8fd26800f541a7012ec338181332f600"
        },
        {
          "type": "icon",
          "assetId": "51q9JvMhU7",
          "checksum": "134983e3c21cbfb5eb9fe2a2b6e2fcb1"
        },
        {
          "type": "icon",
          "assetId": "gA_cBRpq0v",
          "checksum": "aae0d5d0dbfd03852fc8246579020ae9"
        },
        {
          "type": "icon",
          "assetId": "kTi1oC2ROJ",
          "checksum": "14ae0b118c0ce4a1d80c51db80d1028c"
        },
        {
          "type": "icon",
          "assetId": "ZjoKf1mRoR",
          "checksum": "a1706f78e208b952e9d7b3d98ed48c6d"
        },
        {
          "type": "icon",
          "assetId": "hFlIjKjEz-",
          "checksum": "0d202945bccd25b10607976813b9224e"
        },
        {
          "type": "icon",
          "assetId": "VUZZhYOj9V",
          "checksum": "81c6317fd9de8af1b70a20c2a79993d7"
        },
        {
          "type": "icon",
          "assetId": "abjEGXuWD_",
          "checksum": "fb02fbf1e83dc3f4874b253d5cfc84a6"
        },
        {
          "type": "icon",
          "assetId": "8a_ijVbRNm",
          "checksum": "c54790f02aff6d97c12832c3884bbf8e"
        },
        {
          "type": "icon",
          "assetId": "sQBEsISXSH",
          "checksum": "9ac242e1123a5c9f6db5e41040149aad"
        },
        {
          "type": "icon",
          "assetId": "0VsG5OUI1r",
          "checksum": "07fa869019841cd54a7a3afe8a72fa5c"
        },
        {
          "type": "icon",
          "assetId": "DI7i8q4a_B",
          "checksum": "cb05e8384a9ffeef34c7b32c73913c97"
        },
        {
          "type": "icon",
          "assetId": "mulXVWm8fU",
          "checksum": "3858c0c18e8dda2346f2b223ed197590"
        },
        {
          "type": "icon",
          "assetId": "yvc4khWb0K",
          "checksum": "495d087a2bc96d4135af46490f4cf569"
        },
        {
          "type": "icon",
          "assetId": "V8kSV91ys",
          "checksum": "5b58b05d33c85c13864b20db73e4fdfe"
        },
        {
          "type": "icon",
          "assetId": "yKZIrPKYDm",
          "checksum": "35ad42325c7f1bc60a942fa0b75d36bb"
        },
        {
          "type": "icon",
          "assetId": "eANQQq42rT",
          "checksum": "61014f1ee6e789a0607aff63b8014dcc"
        },
        {
          "type": "icon",
          "assetId": "1oSF3x1c8",
          "checksum": "2762cf7b0df716942b8dee95e1ff9883"
        },
        {
          "type": "icon",
          "assetId": "wlzEQnMcH",
          "checksum": "f52187e9a7af7fc1cad5c6c2bdc3dcc3"
        },
        {
          "type": "icon",
          "assetId": "wiyW9LAHF5",
          "checksum": "46d3a9804a6c516c85ff4567b8bc2d89"
        },
        {
          "type": "icon",
          "assetId": "NDNDmSVke",
          "checksum": "86f6f244b90dee84620f6af4c6c8dab4"
        },
        {
          "type": "icon",
          "assetId": "bSqVmvewRk",
          "checksum": "7d48c8d1a61758520883e0c5a531963b"
        },
        {
          "type": "icon",
          "assetId": "QXRVF_RuEH",
          "checksum": "2ec400f6dfa02f5307ba165b74edd42e"
        },
        {
          "type": "icon",
          "assetId": "9ykt_KUBhG",
          "checksum": "929156a873d5e4f10c6d01468f10a9cc"
        },
        {
          "type": "icon",
          "assetId": "tskSNOJWEm",
          "checksum": "763118916cbbef3979315155c4fc0b57"
        },
        {
          "type": "icon",
          "assetId": "EHU5jvQPUb",
          "checksum": "d40af46bf0ace1ed4337bb25188fb9b1"
        },
        {
          "type": "icon",
          "assetId": "N21qvXm48Q",
          "checksum": "3705a4ce012fd3ff20324c3266dfc1fc"
        },
        {
          "type": "icon",
          "assetId": "TZEynuHm0Q",
          "checksum": "237c09f82aed6aa611f34caf01e4dbc5"
        },
        {
          "type": "icon",
          "assetId": "C9cgtb0SIc",
          "checksum": "ad15619f13b41de11df0dfc427c44c0b"
        },
        {
          "type": "icon",
          "assetId": "ECM3QTOfDR",
          "checksum": "ba16422ec302d305d958090382cead13"
        },
        {
          "type": "icon",
          "assetId": "N8DdryWwMJ",
          "checksum": "e42a757c11a2906ee75c38de4b55949a"
        },
        {
          "type": "icon",
          "assetId": "uDNJl1L6v",
          "checksum": "21b2597a88df142166c9a62526405bd6"
        },
        {
          "type": "image",
          "assetId": "JGGV_dloQu",
          "checksum": "b25a199be7479ea10d427256dff1b33f"
        }
      ]
    }
  ],
  "cliVersion": "0.1.145"
}
