{
  "projects": [
    {
      "projectId": "ajBd7QwKoQEZw4eSnuM8eE",
      "version": "latest",
      "dependencies": {},
      "lang": "ts",
      "fileLocks": [
        {
          "type": "globalVariant",
          "assetId": "7Ert-5G3sU4L",
          "checksum": "87f36505376fb388244d87a0c6ef887c"
        },
        {
          "assetId": "ajBd7QwKoQEZw4eSnuM8eE",
          "type": "projectCss",
          "checksum": "5e5a255a781105e034c32cfd9ac60790"
        },
        {
          "type": "renderModule",
          "assetId": "NmyuQEKN8ASo",
          "checksum": "10b5f2e2ea3fd1d304ed9f6938dba7ed"
        },
        {
          "type": "cssRules",
          "assetId": "NmyuQEKN8ASo",
          "checksum": "10b5f2e2ea3fd1d304ed9f6938dba7ed"
        },
        {
          "type": "renderModule",
          "assetId": "uB6KPgzvRT",
          "checksum": "e8df32328f9ec47d63508c010227fa60"
        },
        {
          "type": "cssRules",
          "assetId": "uB6KPgzvRT",
          "checksum": "e8df32328f9ec47d63508c010227fa60"
        },
        {
          "type": "renderModule",
          "assetId": "rdjPX22n6c",
          "checksum": "53df635ceae399bdfe35f368584439de"
        },
        {
          "type": "cssRules",
          "assetId": "rdjPX22n6c",
          "checksum": "53df635ceae399bdfe35f368584439de"
        },
        {
          "type": "renderModule",
          "assetId": "L4-sxOI14B",
          "checksum": "601d61f8aa9d5bf6de9d873a4c23603d"
        },
        {
          "type": "cssRules",
          "assetId": "L4-sxOI14B",
          "checksum": "601d61f8aa9d5bf6de9d873a4c23603d"
        },
        {
          "type": "renderModule",
          "assetId": "DzWC2yemzg",
          "checksum": "78bc03e77a43efbc7bed4df98be8bca3"
        },
        {
          "type": "cssRules",
          "assetId": "DzWC2yemzg",
          "checksum": "78bc03e77a43efbc7bed4df98be8bca3"
        },
        {
          "type": "renderModule",
          "assetId": "UEBh2ZCTKG",
          "checksum": "621fe5dc73496d40da3667565748d2ff"
        },
        {
          "type": "cssRules",
          "assetId": "UEBh2ZCTKG",
          "checksum": "621fe5dc73496d40da3667565748d2ff"
        },
        {
          "type": "renderModule",
          "assetId": "0MEk3eKkQO",
          "checksum": "065df4cf01a1f6c2bc93de340cbe93c9"
        },
        {
          "type": "cssRules",
          "assetId": "0MEk3eKkQO",
          "checksum": "065df4cf01a1f6c2bc93de340cbe93c9"
        },
        {
          "type": "renderModule",
          "assetId": "V29gw2H4lR",
          "checksum": "29eb0e00d47d50739997d8d4ea0ad50b"
        },
        {
          "type": "cssRules",
          "assetId": "V29gw2H4lR",
          "checksum": "29eb0e00d47d50739997d8d4ea0ad50b"
        },
        {
          "type": "renderModule",
          "assetId": "XMg4kg4uAM",
          "checksum": "7a5bce7937f115fa5dbb7512a8c6d643"
        },
        {
          "type": "cssRules",
          "assetId": "XMg4kg4uAM",
          "checksum": "7a5bce7937f115fa5dbb7512a8c6d643"
        },
        {
          "type": "renderModule",
          "assetId": "EkB8C0-Ntx",
          "checksum": "c23fb5b48a2e7ef3f3f10a5347731497"
        },
        {
          "type": "cssRules",
          "assetId": "EkB8C0-Ntx",
          "checksum": "c23fb5b48a2e7ef3f3f10a5347731497"
        },
        {
          "type": "renderModule",
          "assetId": "8jlGT04fGY",
          "checksum": "3e2aa227135a506b31a0f27a184d16dc"
        },
        {
          "type": "cssRules",
          "assetId": "8jlGT04fGY",
          "checksum": "3e2aa227135a506b31a0f27a184d16dc"
        },
        {
          "type": "renderModule",
          "assetId": "phpFMNl3Ac",
          "checksum": "056c7ae8cf1447bfbf564248f416a3d4"
        },
        {
          "type": "cssRules",
          "assetId": "phpFMNl3Ac",
          "checksum": "056c7ae8cf1447bfbf564248f416a3d4"
        },
        {
          "type": "renderModule",
          "assetId": "GbxbaH1_Ix",
          "checksum": "d5adc2bc65fc5a57b4e8f86c5c28e2aa"
        },
        {
          "type": "cssRules",
          "assetId": "GbxbaH1_Ix",
          "checksum": "d5adc2bc65fc5a57b4e8f86c5c28e2aa"
        },
        {
          "type": "icon",
          "assetId": "cLvmR5WL_E",
          "checksum": "5c20a6d32856632e012fbda82990b2f5"
        },
        {
          "type": "icon",
          "assetId": "-hYKTQDUi-",
          "checksum": "99a19e963571ef14cbf1e0b738bb1895"
        },
        {
          "type": "icon",
          "assetId": "SKEqvyu_NL",
          "checksum": "8f2ce0516ae3f91adc6d75c8bb9c9696"
        },
        {
          "type": "icon",
          "assetId": "MRX__q9AVG",
          "checksum": "ac58a34152bc85f527ddcb1f5ed43884"
        },
        {
          "type": "icon",
          "assetId": "DVc11YrLFH",
          "checksum": "cae551c8f0f6e25c0e4b949e5583e2cf"
        },
        {
          "type": "icon",
          "assetId": "FePj_Q3I0I",
          "checksum": "891c3e073c6999a40dbc7fde50f9679b"
        },
        {
          "type": "icon",
          "assetId": "KVxmohl6M2",
          "checksum": "e03595e77dbf00ecc31dbecc51833316"
        },
        {
          "type": "icon",
          "assetId": "BhBmWA559J",
          "checksum": "be3c295b09f63df0e7f8cf67c405276b"
        },
        {
          "type": "icon",
          "assetId": "WzK2HmrWNy",
          "checksum": "effa587b7ad6dfa3de4f119da5b7adef"
        },
        {
          "type": "icon",
          "assetId": "DIriwib_NR",
          "checksum": "0bf399f40d34560688b01f3564c5888b"
        },
        {
          "type": "icon",
          "assetId": "miGgoM8FTD",
          "checksum": "8fd26800f541a7012ec338181332f600"
        },
        {
          "type": "icon",
          "assetId": "51q9JvMhU7",
          "checksum": "134983e3c21cbfb5eb9fe2a2b6e2fcb1"
        },
        {
          "type": "icon",
          "assetId": "gA_cBRpq0v",
          "checksum": "aae0d5d0dbfd03852fc8246579020ae9"
        },
        {
          "type": "icon",
          "assetId": "QeldbBJaLm",
          "checksum": "ae82fed1a59144d524b1c7f391b3a6f7"
        },
        {
          "type": "icon",
          "assetId": "kTi1oC2ROJ",
          "checksum": "14ae0b118c0ce4a1d80c51db80d1028c"
        },
        {
          "type": "icon",
          "assetId": "ZjoKf1mRoR",
          "checksum": "a1706f78e208b952e9d7b3d98ed48c6d"
        },
        {
          "type": "icon",
          "assetId": "hFlIjKjEz-",
          "checksum": "0d202945bccd25b10607976813b9224e"
        },
        {
          "type": "icon",
          "assetId": "VUZZhYOj9V",
          "checksum": "81c6317fd9de8af1b70a20c2a79993d7"
        },
        {
          "type": "icon",
          "assetId": "abjEGXuWD_",
          "checksum": "fb02fbf1e83dc3f4874b253d5cfc84a6"
        },
        {
          "type": "icon",
          "assetId": "8a_ijVbRNm",
          "checksum": "c54790f02aff6d97c12832c3884bbf8e"
        },
        {
          "type": "icon",
          "assetId": "sQBEsISXSH",
          "checksum": "9ac242e1123a5c9f6db5e41040149aad"
        },
        {
          "type": "icon",
          "assetId": "0VsG5OUI1r",
          "checksum": "07fa869019841cd54a7a3afe8a72fa5c"
        },
        {
          "type": "icon",
          "assetId": "Bv1agb-DQr",
          "checksum": "d46ea9fbc3e892739cb4e892743c5537"
        },
        {
          "type": "icon",
          "assetId": "DI7i8q4a_B",
          "checksum": "49c7ed070f83b94b5597a5b103d68c16"
        },
        {
          "type": "icon",
          "assetId": "iawwi0zuLD",
          "checksum": "90252b5227829116a5f4eccc40058f9f"
        },
        {
          "type": "icon",
          "assetId": "jcRoTbFj7n",
          "checksum": "fff8280bf11f4cbfdf2c88858ecf1d69"
        },
        {
          "type": "icon",
          "assetId": "LTa6r0Ix_j",
          "checksum": "70573d39be699c2d280cad3758563cf0"
        },
        {
          "type": "icon",
          "assetId": "mulXVWm8fU",
          "checksum": "51a8a8e982234545929cf258f7e076bf"
        },
        {
          "type": "icon",
          "assetId": "yvc4khWb0K",
          "checksum": "5f6e4b3596a90f81db723383609c3fa5"
        },
        {
          "type": "image",
          "assetId": "WraMrTg7l",
          "checksum": "dec8438631c0f3b0846e658442ed4bb4"
        },
        {
          "type": "image",
          "assetId": "bVk-2oJzM",
          "checksum": "3e2146dcf3ccbe58ca0f69a19d2aa947"
        },
        {
          "type": "image",
          "assetId": "egy6AVJ3_",
          "checksum": "416e5c5ce12ebca0af9bfe0881637969"
        }
      ]
    }
  ],
  "cliVersion": "0.1.145"
}
